// !$*UTF8*$!
{
	archiveVersion = 1;
	classes = {
	};
	objectVersion = 46;
	objects = {

/* Begin PBXBuildFile section */
		689BB72C1D474E54002436D2 /* README.md in Sources */ = {isa = PBXBuildFile; fileRef = 689BB72B1D474E54002436D2 /* README.md */; };
		68F38B2D1D41BE52009B9228 /* main.m in Sources */ = {isa = PBXBuildFile; fileRef = 68F38B2C1D41BE52009B9228 /* main.m */; };
		68F38B301D41BE52009B9228 /* AppDelegate.m in Sources */ = {isa = PBXBuildFile; fileRef = 68F38B2F1D41BE52009B9228 /* AppDelegate.m */; };
		68F38B381D41BE52009B9228 /* Assets.xcassets in Resources */ = {isa = PBXBuildFile; fileRef = 68F38B371D41BE52009B9228 /* Assets.xcassets */; };
		68F38B3B1D41BE52009B9228 /* LaunchScreen.storyboard in Resources */ = {isa = PBXBuildFile; fileRef = 68F38B391D41BE52009B9228 /* LaunchScreen.storyboard */; };
		68F38B491D41BED5009B9228 /* HomeViewController.m in Sources */ = {isa = PBXBuildFile; fileRef = 68F38B461D41BED5009B9228 /* HomeViewController.m */; };
		68F38B4A1D41BED5009B9228 /* ViewController.m in Sources */ = {isa = PBXBuildFile; fileRef = 68F38B481D41BED5009B9228 /* ViewController.m */; };
		EF9774AEC731A68C9BB02D92 /* libPods.a in Frameworks */ = {isa = PBXBuildFile; fileRef = EA074E028179CD2227D2ECCC /* libPods.a */; };
/* End PBXBuildFile section */

/* Begin PBXFileReference section */
		41DE911A0C1BFE89284FEC4A /* Pods.release.xcconfig */ = {isa = PBXFileReference; includeInIndex = 1; lastKnownFileType = text.xcconfig; name = Pods.release.xcconfig; path = "Pods/Target Support Files/Pods/Pods.release.xcconfig"; sourceTree = "<group>"; };
		689BB72B1D474E54002436D2 /* README.md */ = {isa = PBXFileReference; fileEncoding = 4; lastKnownFileType = net.daringfireball.markdown; path = README.md; sourceTree = "<group>"; };
		68F38B281D41BE52009B9228 /* RNDemo.app */ = {isa = PBXFileReference; explicitFileType = wrapper.application; includeInIndex = 0; path = RNDemo.app; sourceTree = BUILT_PRODUCTS_DIR; };
		68F38B2C1D41BE52009B9228 /* main.m */ = {isa = PBXFileReference; lastKnownFileType = sourcecode.c.objc; path = main.m; sourceTree = "<group>"; };
		68F38B2E1D41BE52009B9228 /* AppDelegate.h */ = {isa = PBXFileReference; lastKnownFileType = sourcecode.c.h; path = AppDelegate.h; sourceTree = "<group>"; };
		68F38B2F1D41BE52009B9228 /* AppDelegate.m */ = {isa = PBXFileReference; lastKnownFileType = sourcecode.c.objc; path = AppDelegate.m; sourceTree = "<group>"; };
		68F38B371D41BE52009B9228 /* Assets.xcassets */ = {isa = PBXFileReference; lastKnownFileType = folder.assetcatalog; path = Assets.xcassets; sourceTree = "<group>"; };
		68F38B3A1D41BE52009B9228 /* Base */ = {isa = PBXFileReference; lastKnownFileType = file.storyboard; name = Base; path = Base.lproj/LaunchScreen.storyboard; sourceTree = "<group>"; };
		68F38B3C1D41BE52009B9228 /* Info.plist */ = {isa = PBXFileReference; lastKnownFileType = text.plist.xml; path = Info.plist; sourceTree = "<group>"; };
		68F38B451D41BED5009B9228 /* HomeViewController.h */ = {isa = PBXFileReference; fileEncoding = 4; lastKnownFileType = sourcecode.c.h; name = HomeViewController.h; path = Classes/HomeViewController.h; sourceTree = "<group>"; };
		68F38B461D41BED5009B9228 /* HomeViewController.m */ = {isa = PBXFileReference; fileEncoding = 4; lastKnownFileType = sourcecode.c.objc; name = HomeViewController.m; path = Classes/HomeViewController.m; sourceTree = "<group>"; };
		68F38B471D41BED5009B9228 /* ViewController.h */ = {isa = PBXFileReference; fileEncoding = 4; lastKnownFileType = sourcecode.c.h; name = ViewController.h; path = Classes/ViewController.h; sourceTree = "<group>"; };
		68F38B481D41BED5009B9228 /* ViewController.m */ = {isa = PBXFileReference; fileEncoding = 4; lastKnownFileType = sourcecode.c.objc; name = ViewController.m; path = Classes/ViewController.m; sourceTree = "<group>"; };
		EA074E028179CD2227D2ECCC /* libPods.a */ = {isa = PBXFileReference; explicitFileType = archive.ar; includeInIndex = 0; path = libPods.a; sourceTree = BUILT_PRODUCTS_DIR; };
		F66A2AE1CF2EAC339EA77611 /* Pods.debug.xcconfig */ = {isa = PBXFileReference; includeInIndex = 1; lastKnownFileType = text.xcconfig; name = Pods.debug.xcconfig; path = "Pods/Target Support Files/Pods/Pods.debug.xcconfig"; sourceTree = "<group>"; };
/* End PBXFileReference section */

/* Begin PBXFrameworksBuildPhase section */
		68F38B251D41BE52009B9228 /* Frameworks */ = {
			isa = PBXFrameworksBuildPhase;
			buildActionMask = 2147483647;
			files = (
				EF9774AEC731A68C9BB02D92 /* libPods.a in Frameworks */,
			);
			runOnlyForDeploymentPostprocessing = 0;
		};
/* End PBXFrameworksBuildPhase section */

/* Begin PBXGroup section */
		45384FE295E1B613865DA4B8 /* Frameworks */ = {
			isa = PBXGroup;
			children = (
				EA074E028179CD2227D2ECCC /* libPods.a */,
			);
			name = Frameworks;
			sourceTree = "<group>";
		};
		68F38B1F1D41BE52009B9228 = {
			isa = PBXGroup;
			children = (
				689BB72B1D474E54002436D2 /* README.md */,
				68F38B2A1D41BE52009B9228 /* RNDemo */,
				68F38B291D41BE52009B9228 /* Products */,
				87A90AAD4C96B7D8AF3DC804 /* Pods */,
				45384FE295E1B613865DA4B8 /* Frameworks */,
			);
			sourceTree = "<group>";
		};
		68F38B291D41BE52009B9228 /* Products */ = {
			isa = PBXGroup;
			children = (
				68F38B281D41BE52009B9228 /* RNDemo.app */,
			);
			name = Products;
			sourceTree = "<group>";
		};
		68F38B2A1D41BE52009B9228 /* RNDemo */ = {
			isa = PBXGroup;
			children = (
				68F38B2E1D41BE52009B9228 /* AppDelegate.h */,
				68F38B2F1D41BE52009B9228 /* AppDelegate.m */,
				68F38B451D41BED5009B9228 /* HomeViewController.h */,
				68F38B461D41BED5009B9228 /* HomeViewController.m */,
				68F38B471D41BED5009B9228 /* ViewController.h */,
				68F38B481D41BED5009B9228 /* ViewController.m */,
				68F38B371D41BE52009B9228 /* Assets.xcassets */,
				68F38B391D41BE52009B9228 /* LaunchScreen.storyboard */,
				68F38B3C1D41BE52009B9228 /* Info.plist */,
				68F38B2B1D41BE52009B9228 /* Supporting Files */,
			);
			path = RNDemo;
			sourceTree = "<group>";
		};
		68F38B2B1D41BE52009B9228 /* Supporting Files */ = {
			isa = PBXGroup;
			children = (
				68F38B2C1D41BE52009B9228 /* main.m */,
			);
			name = "Supporting Files";
			sourceTree = "<group>";
		};
		87A90AAD4C96B7D8AF3DC804 /* Pods */ = {
			isa = PBXGroup;
			children = (
				F66A2AE1CF2EAC339EA77611 /* Pods.debug.xcconfig */,
				41DE911A0C1BFE89284FEC4A /* Pods.release.xcconfig */,
			);
			name = Pods;
			sourceTree = "<group>";
		};
/* End PBXGroup section */

/* Begin PBXNativeTarget section */
		68F38B271D41BE52009B9228 /* RNDemo */ = {
			isa = PBXNativeTarget;
			buildConfigurationList = 68F38B3F1D41BE52009B9228 /* Build configuration list for PBXNativeTarget "RNDemo" */;
			buildPhases = (
				1842C15C18ED7626F177667A /* Check Pods Manifest.lock */,
				68F38B241D41BE52009B9228 /* Sources */,
				68F38B251D41BE52009B9228 /* Frameworks */,
				68F38B261D41BE52009B9228 /* Resources */,
				54FFA9F70547E75F748DD927 /* Embed Pods Frameworks */,
				20E0822B7B5DD9FAADE0422D /* Copy Pods Resources */,
			);
			buildRules = (
			);
			dependencies = (
			);
			name = RNDemo;
			productName = RNDemo;
			productReference = 68F38B281D41BE52009B9228 /* RNDemo.app */;
			productType = "com.apple.product-type.application";
		};
/* End PBXNativeTarget section */

/* Begin PBXProject section */
		68F38B201D41BE52009B9228 /* Project object */ = {
			isa = PBXProject;
			attributes = {
				LastUpgradeCheck = 0730;
				ORGANIZATIONNAME = baidu;
				TargetAttributes = {
					68F38B271D41BE52009B9228 = {
						CreatedOnToolsVersion = 7.3;
					};
				};
			};
			buildConfigurationList = 68F38B231D41BE52009B9228 /* Build configuration list for PBXProject "RNDemo" */;
			compatibilityVersion = "Xcode 3.2";
			developmentRegion = English;
			hasScannedForEncodings = 0;
			knownRegions = (
				en,
				Base,
			);
			mainGroup = 68F38B1F1D41BE52009B9228;
			productRefGroup = 68F38B291D41BE52009B9228 /* Products */;
			projectDirPath = "";
			projectRoot = "";
			targets = (
				68F38B271D41BE52009B9228 /* RNDemo */,
			);
		};
/* End PBXProject section */

/* Begin PBXResourcesBuildPhase section */
		68F38B261D41BE52009B9228 /* Resources */ = {
			isa = PBXResourcesBuildPhase;
			buildActionMask = 2147483647;
			files = (
				68F38B3B1D41BE52009B9228 /* LaunchScreen.storyboard in Resources */,
				68F38B381D41BE52009B9228 /* Assets.xcassets in Resources */,
			);
			runOnlyForDeploymentPostprocessing = 0;
		};
/* End PBXResourcesBuildPhase section */

/* Begin PBXShellScriptBuildPhase section */
		1842C15C18ED7626F177667A /* Check Pods Manifest.lock */ = {
			isa = PBXShellScriptBuildPhase;
			buildActionMask = 2147483647;
			files = (
			);
			inputPaths = (
			);
			name = "Check Pods Manifest.lock";
			outputPaths = (
			);
			runOnlyForDeploymentPostprocessing = 0;
			shellPath = /bin/sh;
			shellScript = "diff \"${PODS_ROOT}/../Podfile.lock\" \"${PODS_ROOT}/Manifest.lock\" > /dev/null\nif [[ $? != 0 ]] ; then\n    cat << EOM\nerror: The sandbox is not in sync with the Podfile.lock. Run 'pod install' or update your CocoaPods installation.\nEOM\n    exit 1\nfi\n";
			showEnvVarsInLog = 0;
		};
		20E0822B7B5DD9FAADE0422D /* Copy Pods Resources */ = {
			isa = PBXShellScriptBuildPhase;
			buildActionMask = 2147483647;
			files = (
			);
			inputPaths = (
			);
			name = "Copy Pods Resources";
			outputPaths = (
			);
			runOnlyForDeploymentPostprocessing = 0;
			shellPath = /bin/sh;
			shellScript = "\"${SRCROOT}/Pods/Target Support Files/Pods/Pods-resources.sh\"\n";
			showEnvVarsInLog = 0;
		};
		54FFA9F70547E75F748DD927 /* Embed Pods Frameworks */ = {
			isa = PBXShellScriptBuildPhase;
			buildActionMask = 2147483647;
			files = (
			);
			inputPaths = (
			);
			name = "Embed Pods Frameworks";
			outputPaths = (
			);
			runOnlyForDeploymentPostprocessing = 0;
			shellPath = /bin/sh;
			shellScript = "\"${SRCROOT}/Pods/Target Support Files/Pods/Pods-frameworks.sh\"\n";
			showEnvVarsInLog = 0;
		};
/* End PBXShellScriptBuildPhase section */

/* Begin PBXSourcesBuildPhase section */
		68F38B241D41BE52009B9228 /* Sources */ = {
			isa = PBXSourcesBuildPhase;
			buildActionMask = 2147483647;
			files = (
				68F38B301D41BE52009B9228 /* AppDelegate.m in Sources */,
				68F38B2D1D41BE52009B9228 /* main.m in Sources */,
				689BB72C1D474E54002436D2 /* README.md in Sources */,
				68F38B4A1D41BED5009B9228 /* ViewController.m in Sources */,
				68F38B491D41BED5009B9228 /* HomeViewController.m in Sources */,
			);
			runOnlyForDeploymentPostprocessing = 0;
		};
/* End PBXSourcesBuildPhase section */

/* Begin PBXVariantGroup section */
		68F38B391D41BE52009B9228 /* LaunchScreen.storyboard */ = {
			isa = PBXVariantGroup;
			children = (
				68F38B3A1D41BE52009B9228 /* Base */,
			);
			name = LaunchScreen.storyboard;
			sourceTree = "<group>";
		};
/* End PBXVariantGroup section */

/* Begin XCBuildConfiguration section */
		68F38B3D1D41BE52009B9228 /* Debug */ = {
			isa = XCBuildConfiguration;
			buildSettings = {
				ALWAYS_SEARCH_USER_PATHS = NO;
				CLANG_ANALYZER_NONNULL = YES;
				CLANG_CXX_LANGUAGE_STANDARD = "gnu++0x";
				CLANG_CXX_LIBRARY = "libc++";
				CLANG_ENABLE_MODULES = YES;
				CLANG_ENABLE_OBJC_ARC = YES;
				CLANG_WARN_BOOL_CONVERSION = YES;
				CLANG_WARN_CONSTANT_CONVERSION = YES;
				CLANG_WARN_DIRECT_OBJC_ISA_USAGE = YES_ERROR;
				CLANG_WARN_EMPTY_BODY = YES;
				CLANG_WARN_ENUM_CONVERSION = YES;
				CLANG_WARN_INT_CONVERSION = YES;
				CLANG_WARN_OBJC_ROOT_CLASS = YES_ERROR;
				CLANG_WARN_UNREACHABLE_CODE = YES;
				CLANG_WARN__DUPLICATE_METHOD_MATCH = YES;
				"CODE_SIGN_IDENTITY[sdk=iphoneos*]" = "iPhone Developer";
				COPY_PHASE_STRIP = NO;
				DEBUG_INFORMATION_FORMAT = dwarf;
				ENABLE_STRICT_OBJC_MSGSEND = YES;
				ENABLE_TESTABILITY = YES;
				GCC_C_LANGUAGE_STANDARD = gnu99;
				GCC_DYNAMIC_NO_PIC = NO;
				GCC_NO_COMMON_BLOCKS = YES;
				GCC_OPTIMIZATION_LEVEL = 0;
				GCC_PREPROCESSOR_DEFINITIONS = (
					"DEBUG=1",
					"$(inherited)",
				);
				GCC_WARN_64_TO_32_BIT_CONVERSION = YES;
				GCC_WARN_ABOUT_RETURN_TYPE = YES_ERROR;
				GCC_WARN_UNDECLARED_SELECTOR = YES;
				GCC_WARN_UNINITIALIZED_AUTOS = YES_AGGRESSIVE;
				GCC_WARN_UNUSED_FUNCTION = YES;
				GCC_WARN_UNUSED_VARIABLE = YES;
				IPHONEOS_DEPLOYMENT_TARGET = 9.3;
				MTL_ENABLE_DEBUG_INFO = YES;
				ONLY_ACTIVE_ARCH = YES;
				SDKROOT = iphoneos;
			};
			name = Debug;
		};
		68F38B3E1D41BE52009B9228 /* Release */ = {
			isa = XCBuildConfiguration;
			buildSettings = {
				ALWAYS_SEARCH_USER_PATHS = NO;
				CLANG_ANALYZER_NONNULL = YES;
				CLANG_CXX_LANGUAGE_STANDARD = "gnu++0x";
				CLANG_CXX_LIBRARY = "libc++";
				CLANG_ENABLE_MODULES = YES;
				CLANG_ENABLE_OBJC_ARC = YES;
				CLANG_WARN_BOOL_CONVERSION = YES;
				CLANG_WARN_CONSTANT_CONVERSION = YES;
				CLANG_WARN_DIRECT_OBJC_ISA_USAGE = YES_ERROR;
				CLANG_WARN_EMPTY_BODY = YES;
				CLANG_WARN_ENUM_CONVERSION = YES;
				CLANG_WARN_INT_CONVERSION = YES;
				CLANG_WARN_OBJC_ROOT_CLASS = YES_ERROR;
				CLANG_WARN_UNREACHABLE_CODE = YES;
				CLANG_WARN__DUPLICATE_METHOD_MATCH = YES;
				"CODE_SIGN_IDENTITY[sdk=iphoneos*]" = "iPhone Developer";
				COPY_PHASE_STRIP = NO;
				DEBUG_INFORMATION_FORMAT = "dwarf-with-dsym";
				ENABLE_NS_ASSERTIONS = NO;
				ENABLE_STRICT_OBJC_MSGSEND = YES;
				GCC_C_LANGUAGE_STANDARD = gnu99;
				GCC_NO_COMMON_BLOCKS = YES;
				GCC_WARN_64_TO_32_BIT_CONVERSION = YES;
				GCC_WARN_ABOUT_RETURN_TYPE = YES_ERROR;
				GCC_WARN_UNDECLARED_SELECTOR = YES;
				GCC_WARN_UNINITIALIZED_AUTOS = YES_AGGRESSIVE;
				GCC_WARN_UNUSED_FUNCTION = YES;
				GCC_WARN_UNUSED_VARIABLE = YES;
				IPHONEOS_DEPLOYMENT_TARGET = 9.3;
				MTL_ENABLE_DEBUG_INFO = NO;
				SDKROOT = iphoneos;
				VALIDATE_PRODUCT = YES;
			};
			name = Release;
		};
		68F38B401D41BE52009B9228 /* Debug */ = {
			isa = XCBuildConfiguration;
			baseConfigurationReference = F66A2AE1CF2EAC339EA77611 /* Pods.debug.xcconfig */;
			buildSettings = {
				ASSETCATALOG_COMPILER_APPICON_NAME = AppIcon;
				INFOPLIST_FILE = RNDemo/Info.plist;
				IPHONEOS_DEPLOYMENT_TARGET = 8.0;
				LD_RUNPATH_SEARCH_PATHS = "$(inherited) @executable_path/Frameworks";
				PRODUCT_BUNDLE_IDENTIFIER = com.baidu.RNDemo;
				PRODUCT_NAME = "$(TARGET_NAME)";
			};
			name = Debug;
		};
		68F38B411D41BE52009B9228 /* Release */ = {
			isa = XCBuildConfiguration;
			baseConfigurationReference = 41DE911A0C1BFE89284FEC4A /* Pods.release.xcconfig */;
			buildSettings = {
				ASSETCATALOG_COMPILER_APPICON_NAME = AppIcon;
				INFOPLIST_FILE = RNDemo/Info.plist;
				IPHONEOS_DEPLOYMENT_TARGET = 8.0;
				LD_RUNPATH_SEARCH_PATHS = "$(inherited) @executable_path/Frameworks";
				PRODUCT_BUNDLE_IDENTIFIER = com.baidu.RNDemo;
				PRODUCT_NAME = "$(TARGET_NAME)";
			};
			name = Release;
		};
/* End XCBuildConfiguration section */

/* Begin XCConfigurationList section */
		68F38B231D41BE52009B9228 /* Build configuration list for PBXProject "RNDemo" */ = {
			isa = XCConfigurationList;
			buildConfigurations = (
				68F38B3D1D41BE52009B9228 /* Debug */,
				68F38B3E1D41BE52009B9228 /* Release */,
			);
			defaultConfigurationIsVisible = 0;
			defaultConfigurationName = Release;
		};
		68F38B3F1D41BE52009B9228 /* Build configuration list for PBXNativeTarget "RNDemo" */ = {
			isa = XCConfigurationList;
			buildConfigurations = (
				68F38B401D41BE52009B9228 /* Debug */,
				68F38B411D41BE52009B9228 /* Release */,
			);
			defaultConfigurationIsVisible = 0;
			defaultConfigurationName = Release;
		};
/* End XCConfigurationList section */
	};
	rootObject = 68F38B201D41BE52009B9228 /* Project object */;
}
